
Microsoft Visual Studio Solution File, Format Version 12.00
# Visual Studio Version 17
VisualStudioVersion = 17.14.37216.2 d17.14
MinimumVisualStudioVersion = 10.0.40219.1
Project("{FAE04EC0-301F-11D3-BF4B-00C04F79EFBC}") = "ejercio6", "ejercio6\ejercio6.csproj", "{ED0C6A7B-A1AD-4CB8-922D-849EE8E37015}"
EndProject
Global
	GlobalSection(SolutionConfigurationPlatforms) = preSolution
		Debug|Any CPU = Debug|Any CPU
		Release|Any CPU = Release|Any CPU
	EndGlobalSection
	GlobalSection(ProjectConfigurationPlatforms) = postSolution
		{ED0C6A7B-A1AD-4CB8-922D-849EE8E37015}.Debug|Any CPU.ActiveCfg = Debug|Any CPU
		{ED0C6A7B-A1AD-4CB8-922D-849EE8E37015}.Debug|Any CPU.Build.0 = Debug|Any CPU
		{ED0C6A7B-A1AD-4CB8-922D-849EE8E37015}.Release|Any CPU.ActiveCfg = Release|Any CPU
		{ED0C6A7B-A1AD-4CB8-922D-849EE8E37015}.Release|Any CPU.Build.0 = Release|Any CPU
	EndGlobalSection
	GlobalSection(SolutionProperties) = preSolution
		HideSolutionNode = FALSE
	EndGlobalSection
	GlobalSection(ExtensibilityGlobals) = postSolution
		SolutionGuid = {3E890563-DBE1-4A9C-9502-7F1A16978EF9}
	EndGlobalSection
EndGlobal
