
Microsoft Visual Studio Solution File, Format Version 12.00
# Visual Studio Version 17
VisualStudioVersion = 17.14.37216.2 d17.14
MinimumVisualStudioVersion = 10.0.40219.1
Project("{FAE04EC0-301F-11D3-BF4B-00C04F79EFBC}") = "WinFormsApp1", "WinFormsApp1\WinFormsApp1.csproj", "{00EF78A9-E876-4E92-9424-E59C7B215496}"
EndProject
Global
	GlobalSection(SolutionConfigurationPlatforms) = preSolution
		Debug|Any CPU = Debug|Any CPU
		Release|Any CPU = Release|Any CPU
	EndGlobalSection
	GlobalSection(ProjectConfigurationPlatforms) = postSolution
		{00EF78A9-E876-4E92-9424-E59C7B215496}.Debug|Any CPU.ActiveCfg = Debug|Any CPU
		{00EF78A9-E876-4E92-9424-E59C7B215496}.Debug|Any CPU.Build.0 = Debug|Any CPU
		{00EF78A9-E876-4E92-9424-E59C7B215496}.Release|Any CPU.ActiveCfg = Release|Any CPU
		{00EF78A9-E876-4E92-9424-E59C7B215496}.Release|Any CPU.Build.0 = Release|Any CPU
	EndGlobalSection
	GlobalSection(SolutionProperties) = preSolution
		HideSolutionNode = FALSE
	EndGlobalSection
	GlobalSection(ExtensibilityGlobals) = postSolution
		SolutionGuid = {9CBF971E-9DD7-4F02-BE5D-E5A9F92C9192}
	EndGlobalSection
EndGlobal
